
Microsoft Visual Studio Solution File, Format Version 12.00
# Visual Studio Version 17
VisualStudioVersion = 17.11.35327.3
MinimumVisualStudioVersion = 10.0.40219.1
Project("{FAE04EC0-301F-11D3-BF4B-00C04F79EFBC}") = "RealEstate_Dapper_Api", "RealEstate_Dapper_Api\RealEstate_Dapper_Api.csproj", "{27C3935C-718F-4B05-B22C-1EAEB84361C1}"
EndProject
Project("{FAE04EC0-301F-11D3-BF4B-00C04F79EFBC}") = "RealEstate_Dapper_UI", "RealEstate_Dapper_UI\RealEstate_Dapper_UI.csproj", "{2ADC490E-F0A1-49CC-8FD8-619273C251B7}"
EndProject
Global
	GlobalSection(SolutionConfigurationPlatforms) = preSolution
		Debug|Any CPU = Debug|Any CPU
		Release|Any CPU = Release|Any CPU
	EndGlobalSection
	GlobalSection(ProjectConfigurationPlatforms) = postSolution
		{27C3935C-718F-4B05-B22C-1EAEB84361C1}.Debug|Any CPU.ActiveCfg = Debug|Any CPU
		{27C3935C-718F-4B05-B22C-1EAEB84361C1}.Debug|Any CPU.Build.0 = Debug|Any CPU
		{27C3935C-718F-4B05-B22C-1EAEB84361C1}.Release|Any CPU.ActiveCfg = Release|Any CPU
		{27C3935C-718F-4B05-B22C-1EAEB84361C1}.Release|Any CPU.Build.0 = Release|Any CPU
		{2ADC490E-F0A1-49CC-8FD8-619273C251B7}.Debug|Any CPU.ActiveCfg = Debug|Any CPU
		{2ADC490E-F0A1-49CC-8FD8-619273C251B7}.Debug|Any CPU.Build.0 = Debug|Any CPU
		{2ADC490E-F0A1-49CC-8FD8-619273C251B7}.Release|Any CPU.ActiveCfg = Release|Any CPU
		{2ADC490E-F0A1-49CC-8FD8-619273C251B7}.Release|Any CPU.Build.0 = Release|Any CPU
	EndGlobalSection
	GlobalSection(SolutionProperties) = preSolution
		HideSolutionNode = FALSE
	EndGlobalSection
	GlobalSection(ExtensibilityGlobals) = postSolution
		SolutionGuid = {9DED5FC9-186E-4107-B29D-DB0506B539AE}
	EndGlobalSection
EndGlobal
